
Microsoft Visual Studio Solution File, Format Version 12.00
# Visual Studio Version 16
VisualStudioVersion = 16.0.30611.23
MinimumVisualStudioVersion = 10.0.40219.1
Project("{F184B08F-C81C-45F6-A57F-5ABD9991F28F}") = "VisualBasicCarClient", "VisualBasicCarClient\VisualBasicCarClient.vbproj", "{AAFB137C-4CB0-4A99-88DE-119A456663C0}"
EndProject
Global
	GlobalSection(SolutionConfigurationPlatforms) = preSolution
		Debug|Any CPU = Debug|Any CPU
		Release|Any CPU = Release|Any CPU
	EndGlobalSection
	GlobalSection(ProjectConfigurationPlatforms) = postSolution
		{AAFB137C-4CB0-4A99-88DE-119A456663C0}.Debug|Any CPU.ActiveCfg = Debug|Any CPU
		{AAFB137C-4CB0-4A99-88DE-119A456663C0}.Debug|Any CPU.Build.0 = Debug|Any CPU
		{AAFB137C-4CB0-4A99-88DE-119A456663C0}.Release|Any CPU.ActiveCfg = Release|Any CPU
		{AAFB137C-4CB0-4A99-88DE-119A456663C0}.Release|Any CPU.Build.0 = Release|Any CPU
	EndGlobalSection
	GlobalSection(SolutionProperties) = preSolution
		HideSolutionNode = FALSE
	EndGlobalSection
	GlobalSection(ExtensibilityGlobals) = postSolution
		SolutionGuid = {D10BEF5F-5970-4732-AA1A-4AFB922C81D6}
	EndGlobalSection
EndGlobal
